// !$*UTF8*$!
{
	archiveVersion = 1;
	classes = {
	};
	objectVersion = 56;
	objects = {

/* Begin PBXBuildFile section */
		0654726629DBE13F00A25718 /* NewTransactionView.swift in Sources */ = {isa = PBXBuildFile; fileRef = 0654726529DBE13F00A25718 /* NewTransactionView.swift */; };
		722DF7CC29E3C7E400CE7A77 /* Person+CoreDataClass.swift in Sources */ = {isa = PBXBuildFile; fileRef = 722DF7C229E3C7E400CE7A77 /* Person+CoreDataClass.swift */; };
		722DF7CD29E3C7E400CE7A77 /* Person+CoreDataProperties.swift in Sources */ = {isa = PBXBuildFile; fileRef = 722DF7C329E3C7E400CE7A77 /* Person+CoreDataProperties.swift */; };
		722DF7CE29E3C7E400CE7A77 /* Transaction+CoreDataProperties.swift in Sources */ = {isa = PBXBuildFile; fileRef = 722DF7C429E3C7E400CE7A77 /* Transaction+CoreDataProperties.swift */; };
		722DF7CF29E3C7E400CE7A77 /* Hutang.xcdatamodeld in Sources */ = {isa = PBXBuildFile; fileRef = 722DF7C529E3C7E400CE7A77 /* Hutang.xcdatamodeld */; };
		722DF7D029E3C7E400CE7A77 /* Transaction+CoreDataClass.swift in Sources */ = {isa = PBXBuildFile; fileRef = 722DF7C729E3C7E400CE7A77 /* Transaction+CoreDataClass.swift */; };
		722DF7D129E3C7E400CE7A77 /* PersistenceController.swift in Sources */ = {isa = PBXBuildFile; fileRef = 722DF7C829E3C7E400CE7A77 /* PersistenceController.swift */; };
		722DF7D229E3C7E400CE7A77 /* MainViewEx.swift in Sources */ = {isa = PBXBuildFile; fileRef = 722DF7C929E3C7E400CE7A77 /* MainViewEx.swift */; };
		729F093D29EC0A9200BE9DA8 /* DynamicFetchView.swift in Sources */ = {isa = PBXBuildFile; fileRef = 729F093C29EC0A9200BE9DA8 /* DynamicFetchView.swift */; };
		729F093F29EC0B0D00BE9DA8 /* DetailView.swift in Sources */ = {isa = PBXBuildFile; fileRef = 729F093E29EC0B0D00BE9DA8 /* DetailView.swift */; };
		729F094129EC5BBE00BE9DA8 /* SettleDebt2.swift in Sources */ = {isa = PBXBuildFile; fileRef = 729F094029EC5BBE00BE9DA8 /* SettleDebt2.swift */; };
		72DA04DB29E7CA1D0071EE7B /* DetailTransactionView.swift in Sources */ = {isa = PBXBuildFile; fileRef = 72DA04D829E7CA1D0071EE7B /* DetailTransactionView.swift */; };
		72DA04DD29E7CA1D0071EE7B /* SettleDebt.swift in Sources */ = {isa = PBXBuildFile; fileRef = 72DA04DA29E7CA1D0071EE7B /* SettleDebt.swift */; };
		72DA051F29E815D20071EE7B /* ViewController.swift in Sources */ = {isa = PBXBuildFile; fileRef = 72DA051929E815D20071EE7B /* ViewController.swift */; };
		72DA052029E815D20071EE7B /* BubbleNode.swift in Sources */ = {isa = PBXBuildFile; fileRef = 72DA051A29E815D20071EE7B /* BubbleNode.swift */; };
		72DA052129E815D20071EE7B /* SIFloatingCollectionScene.swift in Sources */ = {isa = PBXBuildFile; fileRef = 72DA051B29E815D20071EE7B /* SIFloatingCollectionScene.swift */; };
		72DA052229E815D20071EE7B /* BubbleView.swift in Sources */ = {isa = PBXBuildFile; fileRef = 72DA051C29E815D20071EE7B /* BubbleView.swift */; };
		72DA052329E815D20071EE7B /* SIFloatingNode.swift in Sources */ = {isa = PBXBuildFile; fileRef = 72DA051D29E815D20071EE7B /* SIFloatingNode.swift */; };
		72DA052429E815D20071EE7B /* BubblesScene.swift in Sources */ = {isa = PBXBuildFile; fileRef = 72DA051E29E815D20071EE7B /* BubblesScene.swift */; };
		72DA052629E8164F0071EE7B /* MainView.swift in Sources */ = {isa = PBXBuildFile; fileRef = 72DA052529E8164F0071EE7B /* MainView.swift */; };
		72DA052829E817E00071EE7B /* AddTransactionView.swift in Sources */ = {isa = PBXBuildFile; fileRef = 72DA052729E817E00071EE7B /* AddTransactionView.swift */; };
		8C337C6529DAB83200227860 /* FirstTimeView.swift in Sources */ = {isa = PBXBuildFile; fileRef = 8C337C6429DAB83200227860 /* FirstTimeView.swift */; };
		8CCBFC6F29D6AD23006270E5 /* TuruDebtApp.swift in Sources */ = {isa = PBXBuildFile; fileRef = 8CCBFC6E29D6AD23006270E5 /* TuruDebtApp.swift */; };
		8CCBFC7329D6AD24006270E5 /* Assets.xcassets in Resources */ = {isa = PBXBuildFile; fileRef = 8CCBFC7229D6AD24006270E5 /* Assets.xcassets */; };
		8CCBFC7629D6AD24006270E5 /* Preview Assets.xcassets in Resources */ = {isa = PBXBuildFile; fileRef = 8CCBFC7529D6AD24006270E5 /* Preview Assets.xcassets */; };
/* End PBXBuildFile section */

/* Begin PBXFileReference section */
		0654726529DBE13F00A25718 /* NewTransactionView.swift */ = {isa = PBXFileReference; fileEncoding = 4; lastKnownFileType = sourcecode.swift; path = NewTransactionView.swift; sourceTree = "<group>"; };
		722DF7C229E3C7E400CE7A77 /* Person+CoreDataClass.swift */ = {isa = PBXFileReference; fileEncoding = 4; lastKnownFileType = sourcecode.swift; path = "Person+CoreDataClass.swift"; sourceTree = "<group>"; };
		722DF7C329E3C7E400CE7A77 /* Person+CoreDataProperties.swift */ = {isa = PBXFileReference; fileEncoding = 4; lastKnownFileType = sourcecode.swift; path = "Person+CoreDataProperties.swift"; sourceTree = "<group>"; };
		722DF7C429E3C7E400CE7A77 /* Transaction+CoreDataProperties.swift */ = {isa = PBXFileReference; fileEncoding = 4; lastKnownFileType = sourcecode.swift; path = "Transaction+CoreDataProperties.swift"; sourceTree = "<group>"; };
		722DF7C629E3C7E400CE7A77 /* Hutang.xcdatamodel */ = {isa = PBXFileReference; lastKnownFileType = wrapper.xcdatamodel; path = Hutang.xcdatamodel; sourceTree = "<group>"; };
		722DF7C729E3C7E400CE7A77 /* Transaction+CoreDataClass.swift */ = {isa = PBXFileReference; fileEncoding = 4; lastKnownFileType = sourcecode.swift; path = "Transaction+CoreDataClass.swift"; sourceTree = "<group>"; };
		722DF7C829E3C7E400CE7A77 /* PersistenceController.swift */ = {isa = PBXFileReference; fileEncoding = 4; lastKnownFileType = sourcecode.swift; path = PersistenceController.swift; sourceTree = "<group>"; };
		722DF7C929E3C7E400CE7A77 /* MainViewEx.swift */ = {isa = PBXFileReference; fileEncoding = 4; lastKnownFileType = sourcecode.swift; path = MainViewEx.swift; sourceTree = "<group>"; };
		729F093C29EC0A9200BE9DA8 /* DynamicFetchView.swift */ = {isa = PBXFileReference; lastKnownFileType = sourcecode.swift; path = DynamicFetchView.swift; sourceTree = "<group>"; };
		729F093E29EC0B0D00BE9DA8 /* DetailView.swift */ = {isa = PBXFileReference; lastKnownFileType = sourcecode.swift; path = DetailView.swift; sourceTree = "<group>"; };
		729F094029EC5BBE00BE9DA8 /* SettleDebt2.swift */ = {isa = PBXFileReference; lastKnownFileType = sourcecode.swift; path = SettleDebt2.swift; sourceTree = "<group>"; };
		72DA04D829E7CA1D0071EE7B /* DetailTransactionView.swift */ = {isa = PBXFileReference; fileEncoding = 4; lastKnownFileType = sourcecode.swift; path = DetailTransactionView.swift; sourceTree = "<group>"; };
		72DA04DA29E7CA1D0071EE7B /* SettleDebt.swift */ = {isa = PBXFileReference; fileEncoding = 4; lastKnownFileType = sourcecode.swift; path = SettleDebt.swift; sourceTree = "<group>"; };
		72DA051929E815D20071EE7B /* ViewController.swift */ = {isa = PBXFileReference; fileEncoding = 4; lastKnownFileType = sourcecode.swift; path = ViewController.swift; sourceTree = "<group>"; };
		72DA051A29E815D20071EE7B /* BubbleNode.swift */ = {isa = PBXFileReference; fileEncoding = 4; lastKnownFileType = sourcecode.swift; path = BubbleNode.swift; sourceTree = "<group>"; };
		72DA051B29E815D20071EE7B /* SIFloatingCollectionScene.swift */ = {isa = PBXFileReference; fileEncoding = 4; lastKnownFileType = sourcecode.swift; path = SIFloatingCollectionScene.swift; sourceTree = "<group>"; };
		72DA051C29E815D20071EE7B /* BubbleView.swift */ = {isa = PBXFileReference; fileEncoding = 4; lastKnownFileType = sourcecode.swift; path = BubbleView.swift; sourceTree = "<group>"; };
		72DA051D29E815D20071EE7B /* SIFloatingNode.swift */ = {isa = PBXFileReference; fileEncoding = 4; lastKnownFileType = sourcecode.swift; path = SIFloatingNode.swift; sourceTree = "<group>"; };
		72DA051E29E815D20071EE7B /* BubblesScene.swift */ = {isa = PBXFileReference; fileEncoding = 4; lastKnownFileType = sourcecode.swift; path = BubblesScene.swift; sourceTree = "<group>"; };
		72DA052529E8164F0071EE7B /* MainView.swift */ = {isa = PBXFileReference; fileEncoding = 4; lastKnownFileType = sourcecode.swift; name = MainView.swift; path = ../../TuruiDebt2/TuruDebt/MainView.swift; sourceTree = "<group>"; };
		72DA052729E817E00071EE7B /* AddTransactionView.swift */ = {isa = PBXFileReference; fileEncoding = 4; lastKnownFileType = sourcecode.swift; path = AddTransactionView.swift; sourceTree = "<group>"; };
		8C337C6429DAB83200227860 /* FirstTimeView.swift */ = {isa = PBXFileReference; lastKnownFileType = sourcecode.swift; path = FirstTimeView.swift; sourceTree = "<group>"; };
		8CCBFC6B29D6AD23006270E5 /* TuruDebt.app */ = {isa = PBXFileReference; explicitFileType = wrapper.application; includeInIndex = 0; path = TuruDebt.app; sourceTree = BUILT_PRODUCTS_DIR; };
		8CCBFC6E29D6AD23006270E5 /* TuruDebtApp.swift */ = {isa = PBXFileReference; lastKnownFileType = sourcecode.swift; path = TuruDebtApp.swift; sourceTree = "<group>"; };
		8CCBFC7229D6AD24006270E5 /* Assets.xcassets */ = {isa = PBXFileReference; lastKnownFileType = folder.assetcatalog; path = Assets.xcassets; sourceTree = "<group>"; };
		8CCBFC7529D6AD24006270E5 /* Preview Assets.xcassets */ = {isa = PBXFileReference; lastKnownFileType = folder.assetcatalog; path = "Preview Assets.xcassets"; sourceTree = "<group>"; };
/* End PBXFileReference section */

/* Begin PBXFrameworksBuildPhase section */
		8CCBFC6829D6AD23006270E5 /* Frameworks */ = {
			isa = PBXFrameworksBuildPhase;
			buildActionMask = 2147483647;
			files = (
			);
			runOnlyForDeploymentPostprocessing = 0;
		};
/* End PBXFrameworksBuildPhase section */

/* Begin PBXGroup section */
		722DF7C129E3C7E400CE7A77 /* DataModel */ = {
			isa = PBXGroup;
			children = (
				722DF7C829E3C7E400CE7A77 /* PersistenceController.swift */,
				722DF7C229E3C7E400CE7A77 /* Person+CoreDataClass.swift */,
				722DF7C329E3C7E400CE7A77 /* Person+CoreDataProperties.swift */,
				722DF7C429E3C7E400CE7A77 /* Transaction+CoreDataProperties.swift */,
				722DF7C729E3C7E400CE7A77 /* Transaction+CoreDataClass.swift */,
				722DF7C529E3C7E400CE7A77 /* Hutang.xcdatamodeld */,
			);
			path = DataModel;
			sourceTree = "<group>";
		};
		72DA051829E815D20071EE7B /* BubbleRecipes */ = {
			isa = PBXGroup;
			children = (
				72DA051929E815D20071EE7B /* ViewController.swift */,
				72DA051A29E815D20071EE7B /* BubbleNode.swift */,
				72DA051B29E815D20071EE7B /* SIFloatingCollectionScene.swift */,
				72DA051C29E815D20071EE7B /* BubbleView.swift */,
				72DA051D29E815D20071EE7B /* SIFloatingNode.swift */,
				72DA051E29E815D20071EE7B /* BubblesScene.swift */,
			);
			path = BubbleRecipes;
			sourceTree = "<group>";
		};
		8CCBFC6229D6AD23006270E5 = {
			isa = PBXGroup;
			children = (
				8CCBFC6D29D6AD23006270E5 /* TuruDebt */,
				8CCBFC6C29D6AD23006270E5 /* Products */,
			);
			sourceTree = "<group>";
		};
		8CCBFC6C29D6AD23006270E5 /* Products */ = {
			isa = PBXGroup;
			children = (
				8CCBFC6B29D6AD23006270E5 /* TuruDebt.app */,
			);
			name = Products;
			sourceTree = "<group>";
		};
		8CCBFC6D29D6AD23006270E5 /* TuruDebt */ = {
			isa = PBXGroup;
			children = (
				72DA051829E815D20071EE7B /* BubbleRecipes */,
				8CCBFC6E29D6AD23006270E5 /* TuruDebtApp.swift */,
				8C337C6429DAB83200227860 /* FirstTimeView.swift */,
				72DA052529E8164F0071EE7B /* MainView.swift */,
				722DF7C929E3C7E400CE7A77 /* MainViewEx.swift */,
				0654726529DBE13F00A25718 /* NewTransactionView.swift */,
				72DA04D829E7CA1D0071EE7B /* DetailTransactionView.swift */,
				72DA04DA29E7CA1D0071EE7B /* SettleDebt.swift */,
				72DA052729E817E00071EE7B /* AddTransactionView.swift */,
				729F093C29EC0A9200BE9DA8 /* DynamicFetchView.swift */,
				722DF7C129E3C7E400CE7A77 /* DataModel */,
				8CCBFC7229D6AD24006270E5 /* Assets.xcassets */,
				8CCBFC7429D6AD24006270E5 /* Preview Content */,
				729F093E29EC0B0D00BE9DA8 /* DetailView.swift */,
				729F094029EC5BBE00BE9DA8 /* SettleDebt2.swift */,
			);
			path = TuruDebt;
			sourceTree = "<group>";
		};
		8CCBFC7429D6AD24006270E5 /* Preview Content */ = {
			isa = PBXGroup;
			children = (
				8CCBFC7529D6AD24006270E5 /* Preview Assets.xcassets */,
			);
			path = "Preview Content";
			sourceTree = "<group>";
		};
/* End PBXGroup section */

/* Begin PBXNativeTarget section */
		8CCBFC6A29D6AD23006270E5 /* TuruDebt */ = {
			isa = PBXNativeTarget;
			buildConfigurationList = 8CCBFC7929D6AD24006270E5 /* Build configuration list for PBXNativeTarget "TuruDebt" */;
			buildPhases = (
				8CCBFC6729D6AD23006270E5 /* Sources */,
				8CCBFC6829D6AD23006270E5 /* Frameworks */,
				8CCBFC6929D6AD23006270E5 /* Resources */,
			);
			buildRules = (
			);
			dependencies = (
			);
			name = TuruDebt;
			productName = TuruDebt;
			productReference = 8CCBFC6B29D6AD23006270E5 /* TuruDebt.app */;
			productType = "com.apple.product-type.application";
		};
/* End PBXNativeTarget section */

/* Begin PBXProject section */
		8CCBFC6329D6AD23006270E5 /* Project object */ = {
			isa = PBXProject;
			attributes = {
				BuildIndependentTargetsInParallel = 1;
				LastSwiftUpdateCheck = 1420;
				LastUpgradeCheck = 1420;
				TargetAttributes = {
					8CCBFC6A29D6AD23006270E5 = {
						CreatedOnToolsVersion = 14.2;
					};
				};
			};
			buildConfigurationList = 8CCBFC6629D6AD23006270E5 /* Build configuration list for PBXProject "TuruDebt" */;
			compatibilityVersion = "Xcode 14.0";
			developmentRegion = en;
			hasScannedForEncodings = 0;
			knownRegions = (
				en,
				Base,
			);
			mainGroup = 8CCBFC6229D6AD23006270E5;
			productRefGroup = 8CCBFC6C29D6AD23006270E5 /* Products */;
			projectDirPath = "";
			projectRoot = "";
			targets = (
				8CCBFC6A29D6AD23006270E5 /* TuruDebt */,
			);
		};
/* End PBXProject section */

/* Begin PBXResourcesBuildPhase section */
		8CCBFC6929D6AD23006270E5 /* Resources */ = {
			isa = PBXResourcesBuildPhase;
			buildActionMask = 2147483647;
			files = (
				8CCBFC7629D6AD24006270E5 /* Preview Assets.xcassets in Resources */,
				8CCBFC7329D6AD24006270E5 /* Assets.xcassets in Resources */,
			);
			runOnlyForDeploymentPostprocessing = 0;
		};
/* End PBXResourcesBuildPhase section */

/* Begin PBXSourcesBuildPhase section */
		8CCBFC6729D6AD23006270E5 /* Sources */ = {
			isa = PBXSourcesBuildPhase;
			buildActionMask = 2147483647;
			files = (
				722DF7CE29E3C7E400CE7A77 /* Transaction+CoreDataProperties.swift in Sources */,
				722DF7CC29E3C7E400CE7A77 /* Person+CoreDataClass.swift in Sources */,
				729F093D29EC0A9200BE9DA8 /* DynamicFetchView.swift in Sources */,
				72DA052029E815D20071EE7B /* BubbleNode.swift in Sources */,
				72DA052129E815D20071EE7B /* SIFloatingCollectionScene.swift in Sources */,
				729F093F29EC0B0D00BE9DA8 /* DetailView.swift in Sources */,
				722DF7CD29E3C7E400CE7A77 /* Person+CoreDataProperties.swift in Sources */,
				722DF7D029E3C7E400CE7A77 /* Transaction+CoreDataClass.swift in Sources */,
				72DA04DB29E7CA1D0071EE7B /* DetailTransactionView.swift in Sources */,
				72DA052329E815D20071EE7B /* SIFloatingNode.swift in Sources */,
				722DF7CF29E3C7E400CE7A77 /* Hutang.xcdatamodeld in Sources */,
				72DA052829E817E00071EE7B /* AddTransactionView.swift in Sources */,
				72DA052229E815D20071EE7B /* BubbleView.swift in Sources */,
				72DA051F29E815D20071EE7B /* ViewController.swift in Sources */,
				72DA04DD29E7CA1D0071EE7B /* SettleDebt.swift in Sources */,
				722DF7D229E3C7E400CE7A77 /* MainViewEx.swift in Sources */,
				8C337C6529DAB83200227860 /* FirstTimeView.swift in Sources */,
				0654726629DBE13F00A25718 /* NewTransactionView.swift in Sources */,
				72DA052429E815D20071EE7B /* BubblesScene.swift in Sources */,
				72DA052629E8164F0071EE7B /* MainView.swift in Sources */,
				722DF7D129E3C7E400CE7A77 /* PersistenceController.swift in Sources */,
				8CCBFC6F29D6AD23006270E5 /* TuruDebtApp.swift in Sources */,
				729F094129EC5BBE00BE9DA8 /* SettleDebt2.swift in Sources */,
			);
			runOnlyForDeploymentPostprocessing = 0;
		};
/* End PBXSourcesBuildPhase section */

/* Begin XCBuildConfiguration section */
		8CCBFC7729D6AD24006270E5 /* Debug */ = {
			isa = XCBuildConfiguration;
			buildSettings = {
				ALWAYS_SEARCH_USER_PATHS = NO;
				CLANG_ANALYZER_NONNULL = YES;
				CLANG_ANALYZER_NUMBER_OBJECT_CONVERSION = YES_AGGRESSIVE;
				CLANG_CXX_LANGUAGE_STANDARD = "gnu++20";
				CLANG_ENABLE_MODULES = YES;
				CLANG_ENABLE_OBJC_ARC = YES;
				CLANG_ENABLE_OBJC_WEAK = YES;
				CLANG_WARN_BLOCK_CAPTURE_AUTORELEASING = YES;
				CLANG_WARN_BOOL_CONVERSION = YES;
				CLANG_WARN_COMMA = YES;
				CLANG_WARN_CONSTANT_CONVERSION = YES;
				CLANG_WARN_DEPRECATED_OBJC_IMPLEMENTATIONS = YES;
				CLANG_WARN_DIRECT_OBJC_ISA_USAGE = YES_ERROR;
				CLANG_WARN_DOCUMENTATION_COMMENTS = YES;
				CLANG_WARN_EMPTY_BODY = YES;
				CLANG_WARN_ENUM_CONVERSION = YES;
				CLANG_WARN_INFINITE_RECURSION = YES;
				CLANG_WARN_INT_CONVERSION = YES;
				CLANG_WARN_NON_LITERAL_NULL_CONVERSION = YES;
				CLANG_WARN_OBJC_IMPLICIT_RETAIN_SELF = YES;
				CLANG_WARN_OBJC_LITERAL_CONVERSION = YES;
				CLANG_WARN_OBJC_ROOT_CLASS = YES_ERROR;
				CLANG_WARN_QUOTED_INCLUDE_IN_FRAMEWORK_HEADER = YES;
				CLANG_WARN_RANGE_LOOP_ANALYSIS = YES;
				CLANG_WARN_STRICT_PROTOTYPES = YES;
				CLANG_WARN_SUSPICIOUS_MOVE = YES;
				CLANG_WARN_UNGUARDED_AVAILABILITY = YES_AGGRESSIVE;
				CLANG_WARN_UNREACHABLE_CODE = YES;
				CLANG_WARN__DUPLICATE_METHOD_MATCH = YES;
				COPY_PHASE_STRIP = NO;
				DEBUG_INFORMATION_FORMAT = dwarf;
				ENABLE_STRICT_OBJC_MSGSEND = YES;
				ENABLE_TESTABILITY = YES;
				GCC_C_LANGUAGE_STANDARD = gnu11;
				GCC_DYNAMIC_NO_PIC = NO;
				GCC_NO_COMMON_BLOCKS = YES;
				GCC_OPTIMIZATION_LEVEL = 0;
				GCC_PREPROCESSOR_DEFINITIONS = (
					"DEBUG=1",
					"$(inherited)",
				);
				GCC_WARN_64_TO_32_BIT_CONVERSION = YES;
				GCC_WARN_ABOUT_RETURN_TYPE = YES_ERROR;
				GCC_WARN_UNDECLARED_SELECTOR = YES;
				GCC_WARN_UNINITIALIZED_AUTOS = YES_AGGRESSIVE;
				GCC_WARN_UNUSED_FUNCTION = YES;
				GCC_WARN_UNUSED_VARIABLE = YES;
				IPHONEOS_DEPLOYMENT_TARGET = 16.2;
				MTL_ENABLE_DEBUG_INFO = INCLUDE_SOURCE;
				MTL_FAST_MATH = YES;
				ONLY_ACTIVE_ARCH = YES;
				SDKROOT = iphoneos;
				SWIFT_ACTIVE_COMPILATION_CONDITIONS = DEBUG;
				SWIFT_OPTIMIZATION_LEVEL = "-Onone";
			};
			name = Debug;
		};
		8CCBFC7829D6AD24006270E5 /* Release */ = {
			isa = XCBuildConfiguration;
			buildSettings = {
				ALWAYS_SEARCH_USER_PATHS = NO;
				CLANG_ANALYZER_NONNULL = YES;
				CLANG_ANALYZER_NUMBER_OBJECT_CONVERSION = YES_AGGRESSIVE;
				CLANG_CXX_LANGUAGE_STANDARD = "gnu++20";
				CLANG_ENABLE_MODULES = YES;
				CLANG_ENABLE_OBJC_ARC = YES;
				CLANG_ENABLE_OBJC_WEAK = YES;
				CLANG_WARN_BLOCK_CAPTURE_AUTORELEASING = YES;
				CLANG_WARN_BOOL_CONVERSION = YES;
				CLANG_WARN_COMMA = YES;
				CLANG_WARN_CONSTANT_CONVERSION = YES;
				CLANG_WARN_DEPRECATED_OBJC_IMPLEMENTATIONS = YES;
				CLANG_WARN_DIRECT_OBJC_ISA_USAGE = YES_ERROR;
				CLANG_WARN_DOCUMENTATION_COMMENTS = YES;
				CLANG_WARN_EMPTY_BODY = YES;
				CLANG_WARN_ENUM_CONVERSION = YES;
				CLANG_WARN_INFINITE_RECURSION = YES;
				CLANG_WARN_INT_CONVERSION = YES;
				CLANG_WARN_NON_LITERAL_NULL_CONVERSION = YES;
				CLANG_WARN_OBJC_IMPLICIT_RETAIN_SELF = YES;
				CLANG_WARN_OBJC_LITERAL_CONVERSION = YES;
				CLANG_WARN_OBJC_ROOT_CLASS = YES_ERROR;
				CLANG_WARN_QUOTED_INCLUDE_IN_FRAMEWORK_HEADER = YES;
				CLANG_WARN_RANGE_LOOP_ANALYSIS = YES;
				CLANG_WARN_STRICT_PROTOTYPES = YES;
				CLANG_WARN_SUSPICIOUS_MOVE = YES;
				CLANG_WARN_UNGUARDED_AVAILABILITY = YES_AGGRESSIVE;
				CLANG_WARN_UNREACHABLE_CODE = YES;
				CLANG_WARN__DUPLICATE_METHOD_MATCH = YES;
				COPY_PHASE_STRIP = NO;
				DEBUG_INFORMATION_FORMAT = "dwarf-with-dsym";
				ENABLE_NS_ASSERTIONS = NO;
				ENABLE_STRICT_OBJC_MSGSEND = YES;
				GCC_C_LANGUAGE_STANDARD = gnu11;
				GCC_NO_COMMON_BLOCKS = YES;
				GCC_WARN_64_TO_32_BIT_CONVERSION = YES;
				GCC_WARN_ABOUT_RETURN_TYPE = YES_ERROR;
				GCC_WARN_UNDECLARED_SELECTOR = YES;
				GCC_WARN_UNINITIALIZED_AUTOS = YES_AGGRESSIVE;
				GCC_WARN_UNUSED_FUNCTION = YES;
				GCC_WARN_UNUSED_VARIABLE = YES;
				IPHONEOS_DEPLOYMENT_TARGET = 16.2;
				MTL_ENABLE_DEBUG_INFO = NO;
				MTL_FAST_MATH = YES;
				SDKROOT = iphoneos;
				SWIFT_COMPILATION_MODE = wholemodule;
				SWIFT_OPTIMIZATION_LEVEL = "-O";
				VALIDATE_PRODUCT = YES;
			};
			name = Release;
		};
		8CCBFC7A29D6AD24006270E5 /* Debug */ = {
			isa = XCBuildConfiguration;
			buildSettings = {
				ASSETCATALOG_COMPILER_APPICON_NAME = AppIcon;
				ASSETCATALOG_COMPILER_GLOBAL_ACCENT_COLOR_NAME = AccentColor;
				CODE_SIGN_STYLE = Automatic;
				CURRENT_PROJECT_VERSION = 1;
				DEVELOPMENT_ASSET_PATHS = "\"TuruDebt/Preview Content\"";
				ENABLE_PREVIEWS = YES;
				GENERATE_INFOPLIST_FILE = YES;
				INFOPLIST_KEY_UIApplicationSceneManifest_Generation = YES;
				INFOPLIST_KEY_UIApplicationSupportsIndirectInputEvents = YES;
				INFOPLIST_KEY_UILaunchScreen_Generation = YES;
				INFOPLIST_KEY_UISupportedInterfaceOrientations_iPad = "UIInterfaceOrientationPortrait UIInterfaceOrientationPortraitUpsideDown UIInterfaceOrientationLandscapeLeft UIInterfaceOrientationLandscapeRight";
				INFOPLIST_KEY_UISupportedInterfaceOrientations_iPhone = "UIInterfaceOrientationPortrait UIInterfaceOrientationLandscapeLeft UIInterfaceOrientationLandscapeRight";
				LD_RUNPATH_SEARCH_PATHS = (
					"$(inherited)",
					"@executable_path/Frameworks",
				);
				MARKETING_VERSION = 1.0;
				PRODUCT_BUNDLE_IDENTIFIER = "Turu-Team.TuruDebt";
				PRODUCT_NAME = "$(TARGET_NAME)";
				SWIFT_EMIT_LOC_STRINGS = YES;
				SWIFT_VERSION = 5.0;
				TARGETED_DEVICE_FAMILY = "1,2";
			};
			name = Debug;
		};
		8CCBFC7B29D6AD24006270E5 /* Release */ = {
			isa = XCBuildConfiguration;
			buildSettings = {
				ASSETCATALOG_COMPILER_APPICON_NAME = AppIcon;
				ASSETCATALOG_COMPILER_GLOBAL_ACCENT_COLOR_NAME = AccentColor;
				CODE_SIGN_STYLE = Automatic;
				CURRENT_PROJECT_VERSION = 1;
				DEVELOPMENT_ASSET_PATHS = "\"TuruDebt/Preview Content\"";
				ENABLE_PREVIEWS = YES;
				GENERATE_INFOPLIST_FILE = YES;
				INFOPLIST_KEY_UIApplicationSceneManifest_Generation = YES;
				INFOPLIST_KEY_UIApplicationSupportsIndirectInputEvents = YES;
				INFOPLIST_KEY_UILaunchScreen_Generation = YES;
				INFOPLIST_KEY_UISupportedInterfaceOrientations_iPad = "UIInterfaceOrientationPortrait UIInterfaceOrientationPortraitUpsideDown UIInterfaceOrientationLandscapeLeft UIInterfaceOrientationLandscapeRight";
				INFOPLIST_KEY_UISupportedInterfaceOrientations_iPhone = "UIInterfaceOrientationPortrait UIInterfaceOrientationLandscapeLeft UIInterfaceOrientationLandscapeRight";
				LD_RUNPATH_SEARCH_PATHS = (
					"$(inherited)",
					"@executable_path/Frameworks",
				);
				MARKETING_VERSION = 1.0;
				PRODUCT_BUNDLE_IDENTIFIER = "Turu-Team.TuruDebt";
				PRODUCT_NAME = "$(TARGET_NAME)";
				SWIFT_EMIT_LOC_STRINGS = YES;
				SWIFT_VERSION = 5.0;
				TARGETED_DEVICE_FAMILY = "1,2";
			};
			name = Release;
		};
/* End XCBuildConfiguration section */

/* Begin XCConfigurationList section */
		8CCBFC6629D6AD23006270E5 /* Build configuration list for PBXProject "TuruDebt" */ = {
			isa = XCConfigurationList;
			buildConfigurations = (
				8CCBFC7729D6AD24006270E5 /* Debug */,
				8CCBFC7829D6AD24006270E5 /* Release */,
			);
			defaultConfigurationIsVisible = 0;
			defaultConfigurationName = Release;
		};
		8CCBFC7929D6AD24006270E5 /* Build configuration list for PBXNativeTarget "TuruDebt" */ = {
			isa = XCConfigurationList;
			buildConfigurations = (
				8CCBFC7A29D6AD24006270E5 /* Debug */,
				8CCBFC7B29D6AD24006270E5 /* Release */,
			);
			defaultConfigurationIsVisible = 0;
			defaultConfigurationName = Release;
		};
/* End XCConfigurationList section */

/* Begin XCVersionGroup section */
		722DF7C529E3C7E400CE7A77 /* Hutang.xcdatamodeld */ = {
			isa = XCVersionGroup;
			children = (
				722DF7C629E3C7E400CE7A77 /* Hutang.xcdatamodel */,
			);
			currentVersion = 722DF7C629E3C7E400CE7A77 /* Hutang.xcdatamodel */;
			path = Hutang.xcdatamodeld;
			sourceTree = "<group>";
			versionGroupType = wrapper.xcdatamodel;
		};
/* End XCVersionGroup section */
	};
	rootObject = 8CCBFC6329D6AD23006270E5 /* Project object */;
}
